{
  "requires": true,
  "lockfileVersion": 1,
  "dependencies": {
    "droidtestercan-palindrome": {
      "version": "0.1.1",
      "resolved": "https://registry.npmjs.org/droidtestercan-palindrome/-/droidtestercan-palindrome-0.1.1.tgz",
      "integrity": "sha512-NfT7Wr7NPR3+La3gqmf10nNjxfuy+0fizuxXkw4lF2a6q2TqmL8neOIPk8pOKodrXEl8i4Ft3nC8LrBLeXQ8Ww=="
    }
  }
}
